
Microsoft Visual Studio Solution File, Format Version 12.00
# Visual Studio 14
VisualStudioVersion = 14.0.25123.0
MinimumVisualStudioVersion = 10.0.40219.1
Project("{2150E333-8FDC-42A3-9474-1A3956D46DE8}") = "1 - Creational Patterns", "1 - Creational Patterns", "{B328A7AB-297A-47A4-BA01-2DEB368AA7FD}"
EndProject
Project("{2150E333-8FDC-42A3-9474-1A3956D46DE8}") = "2 - Structural Patterns", "2 - Structural Patterns", "{510131CB-DE92-40D8-A3F0-3CB97F8C146A}"
EndProject
Project("{2150E333-8FDC-42A3-9474-1A3956D46DE8}") = "3 - Behavioral Patterns", "3 - Behavioral Patterns", "{BEF32BB1-56FA-4068-80FF-82E000D30323}"
EndProject
Project("{FAE04EC0-301F-11D3-BF4B-00C04F79EFBC}") = "DoFactory.GOF.Abstract.Structural", "src\DoFactory.GOF.Abstract.Structural\DoFactory.GOF.Abstract.Structural.csproj", "{4CDFE5B4-1D1D-4380-B20A-CF77BCC513FA}"
EndProject
Project("{FAE04EC0-301F-11D3-BF4B-00C04F79EFBC}") = "DoFactory.GOF.Abstract.RealWorld", "src\DoFactory.GOF.Abstract.RealWorld\DoFactory.GOF.Abstract.RealWorld.csproj", "{983B8DFB-D2A5-4F28-9910-D91560E31864}"
EndProject
Project("{FAE04EC0-301F-11D3-BF4B-00C04F79EFBC}") = "DoFactory.GOF.Builder.Structural", "src\DoFactory.GOF.Builder.Structural\DoFactory.GOF.Builder.Structural.csproj", "{84FAA300-4058-41A2-9213-EDB4D0736742}"
EndProject
Project("{FAE04EC0-301F-11D3-BF4B-00C04F79EFBC}") = "DoFactory.GOF.Builder.RealWorld", "src\DoFactory.GOF.Builder.RealWorld\DoFactory.GOF.Builder.RealWorld.csproj", "{F72C3495-5729-4904-A91A-A10AA4D6E0C9}"
EndProject
Project("{FAE04EC0-301F-11D3-BF4B-00C04F79EFBC}") = "DoFactory.GOF.Factory.Structural", "src\DoFactory.GOF.Factory.Structural\DoFactory.GOF.Factory.Structural.csproj", "{F3B8D64E-4BD4-4BB0-9DC7-024DB99C614A}"
EndProject
Project("{FAE04EC0-301F-11D3-BF4B-00C04F79EFBC}") = "DoFactory.GOF.Factory.RealWorld", "src\DoFactory.GOF.Factory.RealWorld\DoFactory.GOF.Factory.RealWorld.csproj", "{C28DADFC-ED28-4900-912E-F2AD5A62DAA0}"
EndProject
Project("{FAE04EC0-301F-11D3-BF4B-00C04F79EFBC}") = "DoFactory.GOF.Prototype.Structural", "src\DoFactory.GOF.Prototype.Structural\DoFactory.GOF.Prototype.Structural.csproj", "{09F33D7D-28F1-4351-91F8-947AAE885B23}"
EndProject
Project("{FAE04EC0-301F-11D3-BF4B-00C04F79EFBC}") = "DoFactory.GOF.Prototype.RealWorld", "src\DoFactory.GOF.Prototype.RealWorld\DoFactory.GOF.Prototype.RealWorld.csproj", "{24333DF5-AD70-48AD-8F79-AAC247EC442A}"
EndProject
Project("{FAE04EC0-301F-11D3-BF4B-00C04F79EFBC}") = "DoFactory.GOF.Singleton.Structural", "src\DoFactory.GOF.Singleton.Structural\DoFactory.GOF.Singleton.Structural.csproj", "{D0659F55-80E3-4C37-85DB-B0B06C73F11E}"
EndProject
Project("{FAE04EC0-301F-11D3-BF4B-00C04F79EFBC}") = "DoFactory.GOF.Singleton.RealWorld", "src\DoFactory.GOF.Singleton.RealWorld\DoFactory.GOF.Singleton.RealWorld.csproj", "{6025753B-55BC-475C-965D-5555322FFA27}"
EndProject
Project("{FAE04EC0-301F-11D3-BF4B-00C04F79EFBC}") = "DoFactory.GOF.Adapter.Structural", "src\DoFactory.GOF.Adapter.Structural\DoFactory.GOF.Adapter.Structural.csproj", "{39B0DCE7-A912-479E-BDF5-D0B153075E81}"
EndProject
Project("{FAE04EC0-301F-11D3-BF4B-00C04F79EFBC}") = "DoFactory.GOF.Adapter.RealWorld", "src\DoFactory.GOF.Adapter.RealWorld\DoFactory.GOF.Adapter.RealWorld.csproj", "{2A99884C-4C4C-4DEC-9414-BF42D3544BA7}"
EndProject
Project("{FAE04EC0-301F-11D3-BF4B-00C04F79EFBC}") = "DoFactory.GOF.Bridge.Structural", "src\DoFactory.GOF.Bridge.Structural\DoFactory.GOF.Bridge.Structural.csproj", "{19CF7390-7899-4E3F-80C1-835BA4B1E220}"
EndProject
Project("{FAE04EC0-301F-11D3-BF4B-00C04F79EFBC}") = "DoFactory.GOF.Bridge.RealWorld", "src\DoFactory.GOF.Bridge.RealWorld\DoFactory.GOF.Bridge.RealWorld.csproj", "{5220097C-0174-4E29-91B5-0E8AB454EE46}"
EndProject
Project("{FAE04EC0-301F-11D3-BF4B-00C04F79EFBC}") = "DoFactory.GOF.Composite.Structural", "src\DoFactory.GOF.Composite.Structural\DoFactory.GOF.Composite.Structural.csproj", "{BA11C0FB-7126-4FB1-845E-A007190BE2AC}"
EndProject
Project("{FAE04EC0-301F-11D3-BF4B-00C04F79EFBC}") = "DoFactory.GOF.Composite.RealWorld", "src\DoFactory.GOF.Composite.RealWorld\DoFactory.GOF.Composite.RealWorld.csproj", "{7CCC6AF7-B929-442A-B7A6-85E0C5199F0D}"
EndProject
Project("{FAE04EC0-301F-11D3-BF4B-00C04F79EFBC}") = "DoFactory.GOF.Decorator.Structural", "src\DoFactory.GOF.Decorator.Structural\DoFactory.GOF.Decorator.Structural.csproj", "{21E5C874-C990-4D04-9009-721DD9E15481}"
EndProject
Project("{FAE04EC0-301F-11D3-BF4B-00C04F79EFBC}") = "DoFactory.GOF.Decorator.RealWorld", "src\DoFactory.GOF.Decorator.RealWorld\DoFactory.GOF.Decorator.RealWorld.csproj", "{6326BB10-C76C-4CD5-82B0-43B4FA409F28}"
EndProject
Project("{FAE04EC0-301F-11D3-BF4B-00C04F79EFBC}") = "DoFactory.GOF.Facade.Structural", "src\DoFactory.GOF.Facade.Structural\DoFactory.GOF.Facade.Structural.csproj", "{7E60BDC8-AA89-4B91-8179-753EA1A0B4AA}"
EndProject
Project("{FAE04EC0-301F-11D3-BF4B-00C04F79EFBC}") = "DoFactory.GOF.Facade.RealWorld", "src\DoFactory.GOF.Facade.RealWorld\DoFactory.GOF.Facade.RealWorld.csproj", "{A4DC197F-0324-4074-9EC2-A9EA7B6C341E}"
EndProject
Project("{FAE04EC0-301F-11D3-BF4B-00C04F79EFBC}") = "DoFactory.GOF.Flyweight.Structural", "src\DoFactory.GOF.Flyweight.Structural\DoFactory.GOF.Flyweight.Structural.csproj", "{EAFAA633-3F70-4984-800B-7BFB755AF185}"
EndProject
Project("{FAE04EC0-301F-11D3-BF4B-00C04F79EFBC}") = "DoFactory.GOF.Flyweight.RealWorld", "src\DoFactory.GOF.Flyweight.RealWorld\DoFactory.GOF.Flyweight.RealWorld.csproj", "{3985C163-37C9-4D6A-8936-6209953DB830}"
EndProject
Project("{FAE04EC0-301F-11D3-BF4B-00C04F79EFBC}") = "DoFactory.GOF.Proxy.Structural", "src\DoFactory.GOF.Proxy.Structural\DoFactory.GOF.Proxy.Structural.csproj", "{F81EBF54-5AF9-4EED-B569-3720782B3641}"
EndProject
Project("{FAE04EC0-301F-11D3-BF4B-00C04F79EFBC}") = "DoFactory.GOF.Proxy.RealWorld", "src\DoFactory.GOF.Proxy.RealWorld\DoFactory.GOF.Proxy.RealWorld.csproj", "{34E36938-6EED-41FE-88A0-D4426EB23DCD}"
EndProject
Project("{FAE04EC0-301F-11D3-BF4B-00C04F79EFBC}") = "DoFactory.GOF.Chain.Structural", "src\DoFactory.GOF.Chain.Structural\DoFactory.GOF.Chain.Structural.csproj", "{65590196-BA69-4285-98C8-D444270FF484}"
EndProject
Project("{FAE04EC0-301F-11D3-BF4B-00C04F79EFBC}") = "DoFactory.GOF.Chain.RealWorld", "src\DoFactory.GOF.Chain.RealWorld\DoFactory.GOF.Chain.RealWorld.csproj", "{FA6C76F6-DB2A-461C-AE87-65FF4CE04707}"
EndProject
Project("{FAE04EC0-301F-11D3-BF4B-00C04F79EFBC}") = "DoFactory.GOF.Command.Structural", "src\DoFactory.GOF.Command.Structural\DoFactory.GOF.Command.Structural.csproj", "{ECBD9BBA-142F-4C7C-810D-B3BE13649252}"
EndProject
Project("{FAE04EC0-301F-11D3-BF4B-00C04F79EFBC}") = "DoFactory.GOF.Command.RealWorld", "src\DoFactory.GOF.Command.RealWorld\DoFactory.GOF.Command.RealWorld.csproj", "{56F36859-BCFE-487B-99F9-21194E54E392}"
EndProject
Project("{FAE04EC0-301F-11D3-BF4B-00C04F79EFBC}") = "DoFactory.GOF.Interpreter.Structural", "src\DoFactory.GOF.Interpreter.Structural\DoFactory.GOF.Interpreter.Structural.csproj", "{51FE28E5-8360-42AF-818D-D93A758E7A5D}"
EndProject
Project("{FAE04EC0-301F-11D3-BF4B-00C04F79EFBC}") = "DoFactory.GOF.Interpreter.RealWorld", "src\DoFactory.GOF.Interpreter.RealWorld\DoFactory.GOF.Interpreter.RealWorld.csproj", "{E02AF0CA-FD4A-4018-AF0E-61E5430D3131}"
EndProject
Project("{FAE04EC0-301F-11D3-BF4B-00C04F79EFBC}") = "DoFactory.GOF.Iterator.Structural", "src\DoFactory.GOF.Iterator.Structural\DoFactory.GOF.Iterator.Structural.csproj", "{AC58DAA7-0C51-451C-BB10-399207F99CCE}"
EndProject
Project("{FAE04EC0-301F-11D3-BF4B-00C04F79EFBC}") = "DoFactory.GOF.Iterator.RealWorld", "src\DoFactory.GOF.Iterator.RealWorld\DoFactory.GOF.Iterator.RealWorld.csproj", "{0C13A177-4B28-4067-A152-9B2DFE18B971}"
EndProject
Project("{FAE04EC0-301F-11D3-BF4B-00C04F79EFBC}") = "DoFactory.GOF.Mediator.Structural", "src\DoFactory.GOF.Mediator.Structural\DoFactory.GOF.Mediator.Structural.csproj", "{3979213C-3367-49E3-AB32-DAEEA9693EE0}"
EndProject
Project("{FAE04EC0-301F-11D3-BF4B-00C04F79EFBC}") = "DoFactory.GOF.Mediator.RealWorld", "src\DoFactory.GOF.Mediator.RealWorld\DoFactory.GOF.Mediator.RealWorld.csproj", "{E6406076-E3F0-44F1-99B4-F61C16DA18A9}"
EndProject
Project("{FAE04EC0-301F-11D3-BF4B-00C04F79EFBC}") = "DoFactory.GOF.Memento.Structural", "src\DoFactory.GOF.Memento.Structural\DoFactory.GOF.Memento.Structural.csproj", "{73ED5DFD-51D8-4583-B8A5-F5D7140AABFB}"
EndProject
Project("{FAE04EC0-301F-11D3-BF4B-00C04F79EFBC}") = "DoFactory.GOF.Memento.RealWorld", "src\DoFactory.GOF.Memento.RealWorld\DoFactory.GOF.Memento.RealWorld.csproj", "{0A4932ED-67CB-4CCB-806C-5557BA7ACD6E}"
EndProject
Project("{FAE04EC0-301F-11D3-BF4B-00C04F79EFBC}") = "DoFactory.GOF.Observer.Structural", "src\DoFactory.GOF.Observer.Structural\DoFactory.GOF.Observer.Structural.csproj", "{D211503E-FF89-4504-AD25-BF22BA37956A}"
EndProject
Global
	GlobalSection(SolutionConfigurationPlatforms) = preSolution
		Debug|Any CPU = Debug|Any CPU
		Release|Any CPU = Release|Any CPU
	EndGlobalSection
	GlobalSection(ProjectConfigurationPlatforms) = postSolution
		{4CDFE5B4-1D1D-4380-B20A-CF77BCC513FA}.Debug|Any CPU.ActiveCfg = Debug|Any CPU
		{4CDFE5B4-1D1D-4380-B20A-CF77BCC513FA}.Debug|Any CPU.Build.0 = Debug|Any CPU
		{4CDFE5B4-1D1D-4380-B20A-CF77BCC513FA}.Release|Any CPU.ActiveCfg = Release|Any CPU
		{4CDFE5B4-1D1D-4380-B20A-CF77BCC513FA}.Release|Any CPU.Build.0 = Release|Any CPU
		{983B8DFB-D2A5-4F28-9910-D91560E31864}.Debug|Any CPU.ActiveCfg = Debug|Any CPU
		{983B8DFB-D2A5-4F28-9910-D91560E31864}.Debug|Any CPU.Build.0 = Debug|Any CPU
		{983B8DFB-D2A5-4F28-9910-D91560E31864}.Release|Any CPU.ActiveCfg = Release|Any CPU
		{983B8DFB-D2A5-4F28-9910-D91560E31864}.Release|Any CPU.Build.0 = Release|Any CPU
		{84FAA300-4058-41A2-9213-EDB4D0736742}.Debug|Any CPU.ActiveCfg = Debug|Any CPU
		{84FAA300-4058-41A2-9213-EDB4D0736742}.Debug|Any CPU.Build.0 = Debug|Any CPU
		{84FAA300-4058-41A2-9213-EDB4D0736742}.Release|Any CPU.ActiveCfg = Release|Any CPU
		{84FAA300-4058-41A2-9213-EDB4D0736742}.Release|Any CPU.Build.0 = Release|Any CPU
		{F72C3495-5729-4904-A91A-A10AA4D6E0C9}.Debug|Any CPU.ActiveCfg = Debug|Any CPU
		{F72C3495-5729-4904-A91A-A10AA4D6E0C9}.Debug|Any CPU.Build.0 = Debug|Any CPU
		{F72C3495-5729-4904-A91A-A10AA4D6E0C9}.Release|Any CPU.ActiveCfg = Release|Any CPU
		{F72C3495-5729-4904-A91A-A10AA4D6E0C9}.Release|Any CPU.Build.0 = Release|Any CPU
		{F3B8D64E-4BD4-4BB0-9DC7-024DB99C614A}.Debug|Any CPU.ActiveCfg = Debug|Any CPU
		{F3B8D64E-4BD4-4BB0-9DC7-024DB99C614A}.Debug|Any CPU.Build.0 = Debug|Any CPU
		{F3B8D64E-4BD4-4BB0-9DC7-024DB99C614A}.Release|Any CPU.ActiveCfg = Release|Any CPU
		{F3B8D64E-4BD4-4BB0-9DC7-024DB99C614A}.Release|Any CPU.Build.0 = Release|Any CPU
		{C28DADFC-ED28-4900-912E-F2AD5A62DAA0}.Debug|Any CPU.ActiveCfg = Debug|Any CPU
		{C28DADFC-ED28-4900-912E-F2AD5A62DAA0}.Debug|Any CPU.Build.0 = Debug|Any CPU
		{C28DADFC-ED28-4900-912E-F2AD5A62DAA0}.Release|Any CPU.ActiveCfg = Release|Any CPU
		{C28DADFC-ED28-4900-912E-F2AD5A62DAA0}.Release|Any CPU.Build.0 = Release|Any CPU
		{09F33D7D-28F1-4351-91F8-947AAE885B23}.Debug|Any CPU.ActiveCfg = Debug|Any CPU
		{09F33D7D-28F1-4351-91F8-947AAE885B23}.Debug|Any CPU.Build.0 = Debug|Any CPU
		{09F33D7D-28F1-4351-91F8-947AAE885B23}.Release|Any CPU.ActiveCfg = Release|Any CPU
		{09F33D7D-28F1-4351-91F8-947AAE885B23}.Release|Any CPU.Build.0 = Release|Any CPU
		{24333DF5-AD70-48AD-8F79-AAC247EC442A}.Debug|Any CPU.ActiveCfg = Debug|Any CPU
		{24333DF5-AD70-48AD-8F79-AAC247EC442A}.Debug|Any CPU.Build.0 = Debug|Any CPU
		{24333DF5-AD70-48AD-8F79-AAC247EC442A}.Release|Any CPU.ActiveCfg = Release|Any CPU
		{24333DF5-AD70-48AD-8F79-AAC247EC442A}.Release|Any CPU.Build.0 = Release|Any CPU
		{D0659F55-80E3-4C37-85DB-B0B06C73F11E}.Debug|Any CPU.ActiveCfg = Debug|Any CPU
		{D0659F55-80E3-4C37-85DB-B0B06C73F11E}.Debug|Any CPU.Build.0 = Debug|Any CPU
		{D0659F55-80E3-4C37-85DB-B0B06C73F11E}.Release|Any CPU.ActiveCfg = Release|Any CPU
		{D0659F55-80E3-4C37-85DB-B0B06C73F11E}.Release|Any CPU.Build.0 = Release|Any CPU
		{6025753B-55BC-475C-965D-5555322FFA27}.Debug|Any CPU.ActiveCfg = Debug|Any CPU
		{6025753B-55BC-475C-965D-5555322FFA27}.Debug|Any CPU.Build.0 = Debug|Any CPU
		{6025753B-55BC-475C-965D-5555322FFA27}.Release|Any CPU.ActiveCfg = Release|Any CPU
		{6025753B-55BC-475C-965D-5555322FFA27}.Release|Any CPU.Build.0 = Release|Any CPU
		{39B0DCE7-A912-479E-BDF5-D0B153075E81}.Debug|Any CPU.ActiveCfg = Debug|Any CPU
		{39B0DCE7-A912-479E-BDF5-D0B153075E81}.Debug|Any CPU.Build.0 = Debug|Any CPU
		{39B0DCE7-A912-479E-BDF5-D0B153075E81}.Release|Any CPU.ActiveCfg = Release|Any CPU
		{39B0DCE7-A912-479E-BDF5-D0B153075E81}.Release|Any CPU.Build.0 = Release|Any CPU
		{2A99884C-4C4C-4DEC-9414-BF42D3544BA7}.Debug|Any CPU.ActiveCfg = Debug|Any CPU
		{2A99884C-4C4C-4DEC-9414-BF42D3544BA7}.Debug|Any CPU.Build.0 = Debug|Any CPU
		{2A99884C-4C4C-4DEC-9414-BF42D3544BA7}.Release|Any CPU.ActiveCfg = Release|Any CPU
		{2A99884C-4C4C-4DEC-9414-BF42D3544BA7}.Release|Any CPU.Build.0 = Release|Any CPU
		{19CF7390-7899-4E3F-80C1-835BA4B1E220}.Debug|Any CPU.ActiveCfg = Debug|Any CPU
		{19CF7390-7899-4E3F-80C1-835BA4B1E220}.Debug|Any CPU.Build.0 = Debug|Any CPU
		{19CF7390-7899-4E3F-80C1-835BA4B1E220}.Release|Any CPU.ActiveCfg = Release|Any CPU
		{19CF7390-7899-4E3F-80C1-835BA4B1E220}.Release|Any CPU.Build.0 = Release|Any CPU
		{5220097C-0174-4E29-91B5-0E8AB454EE46}.Debug|Any CPU.ActiveCfg = Debug|Any CPU
		{5220097C-0174-4E29-91B5-0E8AB454EE46}.Debug|Any CPU.Build.0 = Debug|Any CPU
		{5220097C-0174-4E29-91B5-0E8AB454EE46}.Release|Any CPU.ActiveCfg = Release|Any CPU
		{5220097C-0174-4E29-91B5-0E8AB454EE46}.Release|Any CPU.Build.0 = Release|Any CPU
		{BA11C0FB-7126-4FB1-845E-A007190BE2AC}.Debug|Any CPU.ActiveCfg = Debug|Any CPU
		{BA11C0FB-7126-4FB1-845E-A007190BE2AC}.Debug|Any CPU.Build.0 = Debug|Any CPU
		{BA11C0FB-7126-4FB1-845E-A007190BE2AC}.Release|Any CPU.ActiveCfg = Release|Any CPU
		{BA11C0FB-7126-4FB1-845E-A007190BE2AC}.Release|Any CPU.Build.0 = Release|Any CPU
		{7CCC6AF7-B929-442A-B7A6-85E0C5199F0D}.Debug|Any CPU.ActiveCfg = Debug|Any CPU
		{7CCC6AF7-B929-442A-B7A6-85E0C5199F0D}.Debug|Any CPU.Build.0 = Debug|Any CPU
		{7CCC6AF7-B929-442A-B7A6-85E0C5199F0D}.Release|Any CPU.ActiveCfg = Release|Any CPU
		{7CCC6AF7-B929-442A-B7A6-85E0C5199F0D}.Release|Any CPU.Build.0 = Release|Any CPU
		{21E5C874-C990-4D04-9009-721DD9E15481}.Debug|Any CPU.ActiveCfg = Debug|Any CPU
		{21E5C874-C990-4D04-9009-721DD9E15481}.Debug|Any CPU.Build.0 = Debug|Any CPU
		{21E5C874-C990-4D04-9009-721DD9E15481}.Release|Any CPU.ActiveCfg = Release|Any CPU
		{21E5C874-C990-4D04-9009-721DD9E15481}.Release|Any CPU.Build.0 = Release|Any CPU
		{6326BB10-C76C-4CD5-82B0-43B4FA409F28}.Debug|Any CPU.ActiveCfg = Debug|Any CPU
		{6326BB10-C76C-4CD5-82B0-43B4FA409F28}.Debug|Any CPU.Build.0 = Debug|Any CPU
		{6326BB10-C76C-4CD5-82B0-43B4FA409F28}.Release|Any CPU.ActiveCfg = Release|Any CPU
		{6326BB10-C76C-4CD5-82B0-43B4FA409F28}.Release|Any CPU.Build.0 = Release|Any CPU
		{7E60BDC8-AA89-4B91-8179-753EA1A0B4AA}.Debug|Any CPU.ActiveCfg = Debug|Any CPU
		{7E60BDC8-AA89-4B91-8179-753EA1A0B4AA}.Debug|Any CPU.Build.0 = Debug|Any CPU
		{7E60BDC8-AA89-4B91-8179-753EA1A0B4AA}.Release|Any CPU.ActiveCfg = Release|Any CPU
		{7E60BDC8-AA89-4B91-8179-753EA1A0B4AA}.Release|Any CPU.Build.0 = Release|Any CPU
		{A4DC197F-0324-4074-9EC2-A9EA7B6C341E}.Debug|Any CPU.ActiveCfg = Debug|Any CPU
		{A4DC197F-0324-4074-9EC2-A9EA7B6C341E}.Debug|Any CPU.Build.0 = Debug|Any CPU
		{A4DC197F-0324-4074-9EC2-A9EA7B6C341E}.Release|Any CPU.ActiveCfg = Release|Any CPU
		{A4DC197F-0324-4074-9EC2-A9EA7B6C341E}.Release|Any CPU.Build.0 = Release|Any CPU
		{EAFAA633-3F70-4984-800B-7BFB755AF185}.Debug|Any CPU.ActiveCfg = Debug|Any CPU
		{EAFAA633-3F70-4984-800B-7BFB755AF185}.Debug|Any CPU.Build.0 = Debug|Any CPU
		{EAFAA633-3F70-4984-800B-7BFB755AF185}.Release|Any CPU.ActiveCfg = Release|Any CPU
		{EAFAA633-3F70-4984-800B-7BFB755AF185}.Release|Any CPU.Build.0 = Release|Any CPU
		{3985C163-37C9-4D6A-8936-6209953DB830}.Debug|Any CPU.ActiveCfg = Debug|Any CPU
		{3985C163-37C9-4D6A-8936-6209953DB830}.Debug|Any CPU.Build.0 = Debug|Any CPU
		{3985C163-37C9-4D6A-8936-6209953DB830}.Release|Any CPU.ActiveCfg = Release|Any CPU
		{3985C163-37C9-4D6A-8936-6209953DB830}.Release|Any CPU.Build.0 = Release|Any CPU
		{F81EBF54-5AF9-4EED-B569-3720782B3641}.Debug|Any CPU.ActiveCfg = Debug|Any CPU
		{F81EBF54-5AF9-4EED-B569-3720782B3641}.Debug|Any CPU.Build.0 = Debug|Any CPU
		{F81EBF54-5AF9-4EED-B569-3720782B3641}.Release|Any CPU.ActiveCfg = Release|Any CPU
		{F81EBF54-5AF9-4EED-B569-3720782B3641}.Release|Any CPU.Build.0 = Release|Any CPU
		{34E36938-6EED-41FE-88A0-D4426EB23DCD}.Debug|Any CPU.ActiveCfg = Debug|Any CPU
		{34E36938-6EED-41FE-88A0-D4426EB23DCD}.Debug|Any CPU.Build.0 = Debug|Any CPU
		{34E36938-6EED-41FE-88A0-D4426EB23DCD}.Release|Any CPU.ActiveCfg = Release|Any CPU
		{34E36938-6EED-41FE-88A0-D4426EB23DCD}.Release|Any CPU.Build.0 = Release|Any CPU
		{65590196-BA69-4285-98C8-D444270FF484}.Debug|Any CPU.ActiveCfg = Debug|Any CPU
		{65590196-BA69-4285-98C8-D444270FF484}.Debug|Any CPU.Build.0 = Debug|Any CPU
		{65590196-BA69-4285-98C8-D444270FF484}.Release|Any CPU.ActiveCfg = Release|Any CPU
		{65590196-BA69-4285-98C8-D444270FF484}.Release|Any CPU.Build.0 = Release|Any CPU
		{FA6C76F6-DB2A-461C-AE87-65FF4CE04707}.Debug|Any CPU.ActiveCfg = Debug|Any CPU
		{FA6C76F6-DB2A-461C-AE87-65FF4CE04707}.Debug|Any CPU.Build.0 = Debug|Any CPU
		{FA6C76F6-DB2A-461C-AE87-65FF4CE04707}.Release|Any CPU.ActiveCfg = Release|Any CPU
		{FA6C76F6-DB2A-461C-AE87-65FF4CE04707}.Release|Any CPU.Build.0 = Release|Any CPU
		{ECBD9BBA-142F-4C7C-810D-B3BE13649252}.Debug|Any CPU.ActiveCfg = Debug|Any CPU
		{ECBD9BBA-142F-4C7C-810D-B3BE13649252}.Debug|Any CPU.Build.0 = Debug|Any CPU
		{ECBD9BBA-142F-4C7C-810D-B3BE13649252}.Release|Any CPU.ActiveCfg = Release|Any CPU
		{ECBD9BBA-142F-4C7C-810D-B3BE13649252}.Release|Any CPU.Build.0 = Release|Any CPU
		{56F36859-BCFE-487B-99F9-21194E54E392}.Debug|Any CPU.ActiveCfg = Debug|Any CPU
		{56F36859-BCFE-487B-99F9-21194E54E392}.Debug|Any CPU.Build.0 = Debug|Any CPU
		{56F36859-BCFE-487B-99F9-21194E54E392}.Release|Any CPU.ActiveCfg = Release|Any CPU
		{56F36859-BCFE-487B-99F9-21194E54E392}.Release|Any CPU.Build.0 = Release|Any CPU
		{51FE28E5-8360-42AF-818D-D93A758E7A5D}.Debug|Any CPU.ActiveCfg = Debug|Any CPU
		{51FE28E5-8360-42AF-818D-D93A758E7A5D}.Debug|Any CPU.Build.0 = Debug|Any CPU
		{51FE28E5-8360-42AF-818D-D93A758E7A5D}.Release|Any CPU.ActiveCfg = Release|Any CPU
		{51FE28E5-8360-42AF-818D-D93A758E7A5D}.Release|Any CPU.Build.0 = Release|Any CPU
		{E02AF0CA-FD4A-4018-AF0E-61E5430D3131}.Debug|Any CPU.ActiveCfg = Debug|Any CPU
		{E02AF0CA-FD4A-4018-AF0E-61E5430D3131}.Debug|Any CPU.Build.0 = Debug|Any CPU
		{E02AF0CA-FD4A-4018-AF0E-61E5430D3131}.Release|Any CPU.ActiveCfg = Release|Any CPU
		{E02AF0CA-FD4A-4018-AF0E-61E5430D3131}.Release|Any CPU.Build.0 = Release|Any CPU
		{AC58DAA7-0C51-451C-BB10-399207F99CCE}.Debug|Any CPU.ActiveCfg = Debug|Any CPU
		{AC58DAA7-0C51-451C-BB10-399207F99CCE}.Debug|Any CPU.Build.0 = Debug|Any CPU
		{AC58DAA7-0C51-451C-BB10-399207F99CCE}.Release|Any CPU.ActiveCfg = Release|Any CPU
		{AC58DAA7-0C51-451C-BB10-399207F99CCE}.Release|Any CPU.Build.0 = Release|Any CPU
		{0C13A177-4B28-4067-A152-9B2DFE18B971}.Debug|Any CPU.ActiveCfg = Debug|Any CPU
		{0C13A177-4B28-4067-A152-9B2DFE18B971}.Debug|Any CPU.Build.0 = Debug|Any CPU
		{0C13A177-4B28-4067-A152-9B2DFE18B971}.Release|Any CPU.ActiveCfg = Release|Any CPU
		{0C13A177-4B28-4067-A152-9B2DFE18B971}.Release|Any CPU.Build.0 = Release|Any CPU
		{3979213C-3367-49E3-AB32-DAEEA9693EE0}.Debug|Any CPU.ActiveCfg = Debug|Any CPU
		{3979213C-3367-49E3-AB32-DAEEA9693EE0}.Debug|Any CPU.Build.0 = Debug|Any CPU
		{3979213C-3367-49E3-AB32-DAEEA9693EE0}.Release|Any CPU.ActiveCfg = Release|Any CPU
		{3979213C-3367-49E3-AB32-DAEEA9693EE0}.Release|Any CPU.Build.0 = Release|Any CPU
		{E6406076-E3F0-44F1-99B4-F61C16DA18A9}.Debug|Any CPU.ActiveCfg = Debug|Any CPU
		{E6406076-E3F0-44F1-99B4-F61C16DA18A9}.Debug|Any CPU.Build.0 = Debug|Any CPU
		{E6406076-E3F0-44F1-99B4-F61C16DA18A9}.Release|Any CPU.ActiveCfg = Release|Any CPU
		{E6406076-E3F0-44F1-99B4-F61C16DA18A9}.Release|Any CPU.Build.0 = Release|Any CPU
		{73ED5DFD-51D8-4583-B8A5-F5D7140AABFB}.Debug|Any CPU.ActiveCfg = Debug|Any CPU
		{73ED5DFD-51D8-4583-B8A5-F5D7140AABFB}.Debug|Any CPU.Build.0 = Debug|Any CPU
		{73ED5DFD-51D8-4583-B8A5-F5D7140AABFB}.Release|Any CPU.ActiveCfg = Release|Any CPU
		{73ED5DFD-51D8-4583-B8A5-F5D7140AABFB}.Release|Any CPU.Build.0 = Release|Any CPU
		{0A4932ED-67CB-4CCB-806C-5557BA7ACD6E}.Debug|Any CPU.ActiveCfg = Debug|Any CPU
		{0A4932ED-67CB-4CCB-806C-5557BA7ACD6E}.Debug|Any CPU.Build.0 = Debug|Any CPU
		{0A4932ED-67CB-4CCB-806C-5557BA7ACD6E}.Release|Any CPU.ActiveCfg = Release|Any CPU
		{0A4932ED-67CB-4CCB-806C-5557BA7ACD6E}.Release|Any CPU.Build.0 = Release|Any CPU
		{D211503E-FF89-4504-AD25-BF22BA37956A}.Debug|Any CPU.ActiveCfg = Debug|Any CPU
		{D211503E-FF89-4504-AD25-BF22BA37956A}.Debug|Any CPU.Build.0 = Debug|Any CPU
		{D211503E-FF89-4504-AD25-BF22BA37956A}.Release|Any CPU.ActiveCfg = Release|Any CPU
		{D211503E-FF89-4504-AD25-BF22BA37956A}.Release|Any CPU.Build.0 = Release|Any CPU
	EndGlobalSection
	GlobalSection(SolutionProperties) = preSolution
		HideSolutionNode = FALSE
	EndGlobalSection
	GlobalSection(NestedProjects) = preSolution
		{4CDFE5B4-1D1D-4380-B20A-CF77BCC513FA} = {B328A7AB-297A-47A4-BA01-2DEB368AA7FD}
		{983B8DFB-D2A5-4F28-9910-D91560E31864} = {B328A7AB-297A-47A4-BA01-2DEB368AA7FD}
		{84FAA300-4058-41A2-9213-EDB4D0736742} = {B328A7AB-297A-47A4-BA01-2DEB368AA7FD}
		{F72C3495-5729-4904-A91A-A10AA4D6E0C9} = {B328A7AB-297A-47A4-BA01-2DEB368AA7FD}
		{F3B8D64E-4BD4-4BB0-9DC7-024DB99C614A} = {B328A7AB-297A-47A4-BA01-2DEB368AA7FD}
		{C28DADFC-ED28-4900-912E-F2AD5A62DAA0} = {B328A7AB-297A-47A4-BA01-2DEB368AA7FD}
		{09F33D7D-28F1-4351-91F8-947AAE885B23} = {B328A7AB-297A-47A4-BA01-2DEB368AA7FD}
		{24333DF5-AD70-48AD-8F79-AAC247EC442A} = {B328A7AB-297A-47A4-BA01-2DEB368AA7FD}
		{D0659F55-80E3-4C37-85DB-B0B06C73F11E} = {B328A7AB-297A-47A4-BA01-2DEB368AA7FD}
		{6025753B-55BC-475C-965D-5555322FFA27} = {B328A7AB-297A-47A4-BA01-2DEB368AA7FD}
		{39B0DCE7-A912-479E-BDF5-D0B153075E81} = {510131CB-DE92-40D8-A3F0-3CB97F8C146A}
		{2A99884C-4C4C-4DEC-9414-BF42D3544BA7} = {510131CB-DE92-40D8-A3F0-3CB97F8C146A}
		{19CF7390-7899-4E3F-80C1-835BA4B1E220} = {510131CB-DE92-40D8-A3F0-3CB97F8C146A}
		{5220097C-0174-4E29-91B5-0E8AB454EE46} = {510131CB-DE92-40D8-A3F0-3CB97F8C146A}
		{BA11C0FB-7126-4FB1-845E-A007190BE2AC} = {510131CB-DE92-40D8-A3F0-3CB97F8C146A}
		{7CCC6AF7-B929-442A-B7A6-85E0C5199F0D} = {510131CB-DE92-40D8-A3F0-3CB97F8C146A}
		{21E5C874-C990-4D04-9009-721DD9E15481} = {510131CB-DE92-40D8-A3F0-3CB97F8C146A}
		{6326BB10-C76C-4CD5-82B0-43B4FA409F28} = {510131CB-DE92-40D8-A3F0-3CB97F8C146A}
		{7E60BDC8-AA89-4B91-8179-753EA1A0B4AA} = {510131CB-DE92-40D8-A3F0-3CB97F8C146A}
		{A4DC197F-0324-4074-9EC2-A9EA7B6C341E} = {510131CB-DE92-40D8-A3F0-3CB97F8C146A}
		{EAFAA633-3F70-4984-800B-7BFB755AF185} = {510131CB-DE92-40D8-A3F0-3CB97F8C146A}
		{3985C163-37C9-4D6A-8936-6209953DB830} = {510131CB-DE92-40D8-A3F0-3CB97F8C146A}
		{F81EBF54-5AF9-4EED-B569-3720782B3641} = {510131CB-DE92-40D8-A3F0-3CB97F8C146A}
		{34E36938-6EED-41FE-88A0-D4426EB23DCD} = {510131CB-DE92-40D8-A3F0-3CB97F8C146A}
		{65590196-BA69-4285-98C8-D444270FF484} = {BEF32BB1-56FA-4068-80FF-82E000D30323}
		{FA6C76F6-DB2A-461C-AE87-65FF4CE04707} = {BEF32BB1-56FA-4068-80FF-82E000D30323}
		{ECBD9BBA-142F-4C7C-810D-B3BE13649252} = {BEF32BB1-56FA-4068-80FF-82E000D30323}
		{56F36859-BCFE-487B-99F9-21194E54E392} = {BEF32BB1-56FA-4068-80FF-82E000D30323}
		{51FE28E5-8360-42AF-818D-D93A758E7A5D} = {BEF32BB1-56FA-4068-80FF-82E000D30323}
		{E02AF0CA-FD4A-4018-AF0E-61E5430D3131} = {BEF32BB1-56FA-4068-80FF-82E000D30323}
		{AC58DAA7-0C51-451C-BB10-399207F99CCE} = {BEF32BB1-56FA-4068-80FF-82E000D30323}
		{0C13A177-4B28-4067-A152-9B2DFE18B971} = {BEF32BB1-56FA-4068-80FF-82E000D30323}
		{3979213C-3367-49E3-AB32-DAEEA9693EE0} = {BEF32BB1-56FA-4068-80FF-82E000D30323}
		{E6406076-E3F0-44F1-99B4-F61C16DA18A9} = {BEF32BB1-56FA-4068-80FF-82E000D30323}
		{73ED5DFD-51D8-4583-B8A5-F5D7140AABFB} = {BEF32BB1-56FA-4068-80FF-82E000D30323}
		{0A4932ED-67CB-4CCB-806C-5557BA7ACD6E} = {BEF32BB1-56FA-4068-80FF-82E000D30323}
		{D211503E-FF89-4504-AD25-BF22BA37956A} = {BEF32BB1-56FA-4068-80FF-82E000D30323}
	EndGlobalSection
EndGlobal
